PODS:
  - composeApp (1.0-SNAPSHOT)

DEPENDENCIES:
  - composeApp (from `../composeApp`)

EXTERNAL SOURCES:
  composeApp:
    :path: "../composeApp"

SPEC CHECKSUMS:
  composeApp: c754ccad2c17987cadd4c14059c1a4a0b1c5900f

PODFILE CHECKSUM: 4cd416da3d21d86625a8d4558f1d10d6a1c5e370

COCOAPODS: 1.16.2
